
Microsoft Visual Studio Solution File, Format Version 12.00
# Visual Studio Version 17
VisualStudioVersion = 17.11.35219.272
MinimumVisualStudioVersion = 10.0.40219.1
Project("{FAE04EC0-301F-11D3-BF4B-00C04F79EFBC}") = "AppDevClassActivity", "AppDevClassActivity.csproj", "{D9CDC298-9A00-46CE-80A6-F54D69481D96}"
EndProject
Global
	GlobalSection(SolutionConfigurationPlatforms) = preSolution
		Debug|Any CPU = Debug|Any CPU
		Release|Any CPU = Release|Any CPU
	EndGlobalSection
	GlobalSection(ProjectConfigurationPlatforms) = postSolution
		{D9CDC298-9A00-46CE-80A6-F54D69481D96}.Debug|Any CPU.ActiveCfg = Debug|Any CPU
		{D9CDC298-9A00-46CE-80A6-F54D69481D96}.Debug|Any CPU.Build.0 = Debug|Any CPU
		{D9CDC298-9A00-46CE-80A6-F54D69481D96}.Release|Any CPU.ActiveCfg = Release|Any CPU
		{D9CDC298-9A00-46CE-80A6-F54D69481D96}.Release|Any CPU.Build.0 = Release|Any CPU
	EndGlobalSection
	GlobalSection(SolutionProperties) = preSolution
		HideSolutionNode = FALSE
	EndGlobalSection
	GlobalSection(ExtensibilityGlobals) = postSolution
		SolutionGuid = {7102B408-0121-4E3E-A9FB-3A10D0D05D89}
	EndGlobalSection
EndGlobal
